
Microsoft Visual Studio Solution File, Format Version 12.00
# Visual Studio Version 17
VisualStudioVersion = 17.11.35303.130
MinimumVisualStudioVersion = 10.0.40219.1
Project("{FAE04EC0-301F-11D3-BF4B-00C04F79EFBC}") = "communityApp", "communityApp.csproj", "{623E5FD3-7329-4449-BF5D-472A84AD7163}"
EndProject
Global
	GlobalSection(SolutionConfigurationPlatforms) = preSolution
		Debug|Any CPU = Debug|Any CPU
		Release|Any CPU = Release|Any CPU
	EndGlobalSection
	GlobalSection(ProjectConfigurationPlatforms) = postSolution
		{623E5FD3-7329-4449-BF5D-472A84AD7163}.Debug|Any CPU.ActiveCfg = Debug|Any CPU
		{623E5FD3-7329-4449-BF5D-472A84AD7163}.Debug|Any CPU.Build.0 = Debug|Any CPU
		{623E5FD3-7329-4449-BF5D-472A84AD7163}.Release|Any CPU.ActiveCfg = Release|Any CPU
		{623E5FD3-7329-4449-BF5D-472A84AD7163}.Release|Any CPU.Build.0 = Release|Any CPU
	EndGlobalSection
	GlobalSection(SolutionProperties) = preSolution
		HideSolutionNode = FALSE
	EndGlobalSection
	GlobalSection(ExtensibilityGlobals) = postSolution
		SolutionGuid = {58CD5DF8-48C4-4020-84EA-04B883F710AB}
	EndGlobalSection
EndGlobal
